
Microsoft Visual Studio Solution File, Format Version 12.00
# Visual Studio Version 17
VisualStudioVersion = 17.2.32630.192
MinimumVisualStudioVersion = 10.0.40219.1
Project("{FAE04EC0-301F-11D3-BF4B-00C04F79EFBC}") = "BAI_1_1_DELEGATE", "BAI_1_1_DELEGATE\BAI_1_1_DELEGATE.csproj", "{6138C93F-B3F8-4F68-868D-E3EE43C30395}"
EndProject
Project("{FAE04EC0-301F-11D3-BF4B-00C04F79EFBC}") = "BAI_1_2_DELEGATE_ACTION_FUNC_PREDICATE", "BAI_1_2_DELEGATE_ACTION_FUNC_PREDICATE\BAI_1_2_DELEGATE_ACTION_FUNC_PREDICATE.csproj", "{BE0A17FD-DE18-43E6-A199-46755C67252B}"
EndProject
Project("{FAE04EC0-301F-11D3-BF4B-00C04F79EFBC}") = "BAI_1_3_DELEGATE_EVENT", "BAI_1_3_DELEGATE_EVENT\BAI_1_3_DELEGATE_EVENT.csproj", "{9EEB2BCA-28F9-47C4-AE15-48A8F3D99DEE}"
EndProject
Project("{FAE04EC0-301F-11D3-BF4B-00C04F79EFBC}") = "BAI_1_4_DELEGATE_EVENT2", "BAI_1_4_DELEGATE_EVENT2\BAI_1_4_DELEGATE_EVENT2.csproj", "{630BE549-187A-40C2-83DF-5B02149E8D5F}"
EndProject
Project("{FAE04EC0-301F-11D3-BF4B-00C04F79EFBC}") = "BAI_1_6_EXCEPTION", "BAI_1_6_EXCEPTION\BAI_1_6_EXCEPTION.csproj", "{98B7194C-ACC5-428C-AF88-A5D585EBD8BB}"
EndProject
Project("{FAE04EC0-301F-11D3-BF4B-00C04F79EFBC}") = "BAI_1_7_EXCEPTION2", "BAI_1_7_EXCEPTION2\BAI_1_7_EXCEPTION2.csproj", "{F2BE6671-525C-45E5-8BB3-0D35A4816BB6}"
EndProject
Project("{FAE04EC0-301F-11D3-BF4B-00C04F79EFBC}") = "BAI_1_8_CLASS_EXCEPTION", "BAI_1_8_CLASS_EXCEPTION\BAI_1_8_CLASS_EXCEPTION.csproj", "{0430BB59-2FB1-4343-AAE8-6F1823ADE1DE}"
EndProject
Project("{FAE04EC0-301F-11D3-BF4B-00C04F79EFBC}") = "BAI_1_9_COLECTION", "BAI_1_9_COLECTION\BAI_1_9_COLECTION.csproj", "{F52F5CA7-485B-4DBC-8800-149568E0FF27}"
EndProject
Project("{FAE04EC0-301F-11D3-BF4B-00C04F79EFBC}") = "Bai_2_0_GENERIC", "Bai_2_0_GENERIC\Bai_2_0_GENERIC.csproj", "{2A097A1F-67EF-415E-922E-C1D99F81B898}"
EndProject
Project("{FAE04EC0-301F-11D3-BF4B-00C04F79EFBC}") = "BAI_2_1_GENERIC_CLASS", "BAI_2_1_GENERIC_CLASS\BAI_2_1_GENERIC_CLASS.csproj", "{B9963D87-51A5-4780-B577-E27BE55245B0}"
EndProject
Project("{FAE04EC0-301F-11D3-BF4B-00C04F79EFBC}") = "BAI_2_2_PARTIAL_CLASS", "BAI_2_2_PARTIAL_CLASS\BAI_2_2_PARTIAL_CLASS.csproj", "{EF0F20F6-075D-47FA-B7F9-8E80EEC6F828}"
EndProject
Project("{FAE04EC0-301F-11D3-BF4B-00C04F79EFBC}") = "BAI_2_3_IMPLICIT_VA_DYNAMIC_TYPE", "BAI_2_3_IMPLICIT_VA_DYNAMIC_TYPE\BAI_2_3_IMPLICIT_VA_DYNAMIC_TYPE.csproj", "{79F75847-03E8-4EC3-A454-6A70A8A8738B}"
EndProject
Project("{FAE04EC0-301F-11D3-BF4B-00C04F79EFBC}") = "BAI_2_4_NULL_VA_NULABLE_TYPE", "BAI_2_4_NULL_VA_NULABLE_TYPE\BAI_2_4_NULL_VA_NULABLE_TYPE.csproj", "{95C7F84B-EC8D-4925-ADC5-8AB746C0CA6A}"
EndProject
Project("{FAE04EC0-301F-11D3-BF4B-00C04F79EFBC}") = "DEMO", "DEMO\DEMO.csproj", "{A0DB43D3-B79D-4617-8FFF-F22C9D0454CF}"
EndProject
Project("{FAE04EC0-301F-11D3-BF4B-00C04F79EFBC}") = "BAI_2_5_SYSTEM_IO", "BAI_2_5_SYSTEM_IO\BAI_2_5_SYSTEM_IO.csproj", "{8811AEAC-DB3A-4AAD-B684-DF95F8158E75}"
EndProject
Project("{FAE04EC0-301F-11D3-BF4B-00C04F79EFBC}") = "BAI_2_6_DOC_GHI_FILE", "BAI_2_6_DOC_GHI_FILE\BAI_2_6_DOC_GHI_FILE.csproj", "{CA2682BD-97BF-43D5-9662-D8E33CCB7154}"
EndProject
Project("{FAE04EC0-301F-11D3-BF4B-00C04F79EFBC}") = "BAI_2_7_LAMBDA", "BAI_2_7_LAMBDA\BAI_2_7_LAMBDA.csproj", "{C1699642-E2A6-400C-BFBD-7D0DECA3EB12}"
EndProject
Project("{FAE04EC0-301F-11D3-BF4B-00C04F79EFBC}") = "LAB", "LAB\LAB.csproj", "{F236570B-8B1D-45F8-86CF-B075486A71E1}"
EndProject
Global
	GlobalSection(SolutionConfigurationPlatforms) = preSolution
		Debug|Any CPU = Debug|Any CPU
		Release|Any CPU = Release|Any CPU
	EndGlobalSection
	GlobalSection(ProjectConfigurationPlatforms) = postSolution
		{6138C93F-B3F8-4F68-868D-E3EE43C30395}.Debug|Any CPU.ActiveCfg = Debug|Any CPU
		{6138C93F-B3F8-4F68-868D-E3EE43C30395}.Debug|Any CPU.Build.0 = Debug|Any CPU
		{6138C93F-B3F8-4F68-868D-E3EE43C30395}.Release|Any CPU.ActiveCfg = Release|Any CPU
		{6138C93F-B3F8-4F68-868D-E3EE43C30395}.Release|Any CPU.Build.0 = Release|Any CPU
		{BE0A17FD-DE18-43E6-A199-46755C67252B}.Debug|Any CPU.ActiveCfg = Debug|Any CPU
		{BE0A17FD-DE18-43E6-A199-46755C67252B}.Debug|Any CPU.Build.0 = Debug|Any CPU
		{BE0A17FD-DE18-43E6-A199-46755C67252B}.Release|Any CPU.ActiveCfg = Release|Any CPU
		{BE0A17FD-DE18-43E6-A199-46755C67252B}.Release|Any CPU.Build.0 = Release|Any CPU
		{9EEB2BCA-28F9-47C4-AE15-48A8F3D99DEE}.Debug|Any CPU.ActiveCfg = Debug|Any CPU
		{9EEB2BCA-28F9-47C4-AE15-48A8F3D99DEE}.Debug|Any CPU.Build.0 = Debug|Any CPU
		{9EEB2BCA-28F9-47C4-AE15-48A8F3D99DEE}.Release|Any CPU.ActiveCfg = Release|Any CPU
		{9EEB2BCA-28F9-47C4-AE15-48A8F3D99DEE}.Release|Any CPU.Build.0 = Release|Any CPU
		{630BE549-187A-40C2-83DF-5B02149E8D5F}.Debug|Any CPU.ActiveCfg = Debug|Any CPU
		{630BE549-187A-40C2-83DF-5B02149E8D5F}.Debug|Any CPU.Build.0 = Debug|Any CPU
		{630BE549-187A-40C2-83DF-5B02149E8D5F}.Release|Any CPU.ActiveCfg = Release|Any CPU
		{630BE549-187A-40C2-83DF-5B02149E8D5F}.Release|Any CPU.Build.0 = Release|Any CPU
		{98B7194C-ACC5-428C-AF88-A5D585EBD8BB}.Debug|Any CPU.ActiveCfg = Debug|Any CPU
		{98B7194C-ACC5-428C-AF88-A5D585EBD8BB}.Debug|Any CPU.Build.0 = Debug|Any CPU
		{98B7194C-ACC5-428C-AF88-A5D585EBD8BB}.Release|Any CPU.ActiveCfg = Release|Any CPU
		{98B7194C-ACC5-428C-AF88-A5D585EBD8BB}.Release|Any CPU.Build.0 = Release|Any CPU
		{F2BE6671-525C-45E5-8BB3-0D35A4816BB6}.Debug|Any CPU.ActiveCfg = Debug|Any CPU
		{F2BE6671-525C-45E5-8BB3-0D35A4816BB6}.Debug|Any CPU.Build.0 = Debug|Any CPU
		{F2BE6671-525C-45E5-8BB3-0D35A4816BB6}.Release|Any CPU.ActiveCfg = Release|Any CPU
		{F2BE6671-525C-45E5-8BB3-0D35A4816BB6}.Release|Any CPU.Build.0 = Release|Any CPU
		{0430BB59-2FB1-4343-AAE8-6F1823ADE1DE}.Debug|Any CPU.ActiveCfg = Debug|Any CPU
		{0430BB59-2FB1-4343-AAE8-6F1823ADE1DE}.Debug|Any CPU.Build.0 = Debug|Any CPU
		{0430BB59-2FB1-4343-AAE8-6F1823ADE1DE}.Release|Any CPU.ActiveCfg = Release|Any CPU
		{0430BB59-2FB1-4343-AAE8-6F1823ADE1DE}.Release|Any CPU.Build.0 = Release|Any CPU
		{F52F5CA7-485B-4DBC-8800-149568E0FF27}.Debug|Any CPU.ActiveCfg = Debug|Any CPU
		{F52F5CA7-485B-4DBC-8800-149568E0FF27}.Debug|Any CPU.Build.0 = Debug|Any CPU
		{F52F5CA7-485B-4DBC-8800-149568E0FF27}.Release|Any CPU.ActiveCfg = Release|Any CPU
		{F52F5CA7-485B-4DBC-8800-149568E0FF27}.Release|Any CPU.Build.0 = Release|Any CPU
		{2A097A1F-67EF-415E-922E-C1D99F81B898}.Debug|Any CPU.ActiveCfg = Debug|Any CPU
		{2A097A1F-67EF-415E-922E-C1D99F81B898}.Debug|Any CPU.Build.0 = Debug|Any CPU
		{2A097A1F-67EF-415E-922E-C1D99F81B898}.Release|Any CPU.ActiveCfg = Release|Any CPU
		{2A097A1F-67EF-415E-922E-C1D99F81B898}.Release|Any CPU.Build.0 = Release|Any CPU
		{B9963D87-51A5-4780-B577-E27BE55245B0}.Debug|Any CPU.ActiveCfg = Debug|Any CPU
		{B9963D87-51A5-4780-B577-E27BE55245B0}.Debug|Any CPU.Build.0 = Debug|Any CPU
		{B9963D87-51A5-4780-B577-E27BE55245B0}.Release|Any CPU.ActiveCfg = Release|Any CPU
		{B9963D87-51A5-4780-B577-E27BE55245B0}.Release|Any CPU.Build.0 = Release|Any CPU
		{EF0F20F6-075D-47FA-B7F9-8E80EEC6F828}.Debug|Any CPU.ActiveCfg = Debug|Any CPU
		{EF0F20F6-075D-47FA-B7F9-8E80EEC6F828}.Debug|Any CPU.Build.0 = Debug|Any CPU
		{EF0F20F6-075D-47FA-B7F9-8E80EEC6F828}.Release|Any CPU.ActiveCfg = Release|Any CPU
		{EF0F20F6-075D-47FA-B7F9-8E80EEC6F828}.Release|Any CPU.Build.0 = Release|Any CPU
		{79F75847-03E8-4EC3-A454-6A70A8A8738B}.Debug|Any CPU.ActiveCfg = Debug|Any CPU
		{79F75847-03E8-4EC3-A454-6A70A8A8738B}.Debug|Any CPU.Build.0 = Debug|Any CPU
		{79F75847-03E8-4EC3-A454-6A70A8A8738B}.Release|Any CPU.ActiveCfg = Release|Any CPU
		{79F75847-03E8-4EC3-A454-6A70A8A8738B}.Release|Any CPU.Build.0 = Release|Any CPU
		{95C7F84B-EC8D-4925-ADC5-8AB746C0CA6A}.Debug|Any CPU.ActiveCfg = Debug|Any CPU
		{95C7F84B-EC8D-4925-ADC5-8AB746C0CA6A}.Debug|Any CPU.Build.0 = Debug|Any CPU
		{95C7F84B-EC8D-4925-ADC5-8AB746C0CA6A}.Release|Any CPU.ActiveCfg = Release|Any CPU
		{95C7F84B-EC8D-4925-ADC5-8AB746C0CA6A}.Release|Any CPU.Build.0 = Release|Any CPU
		{A0DB43D3-B79D-4617-8FFF-F22C9D0454CF}.Debug|Any CPU.ActiveCfg = Debug|Any CPU
		{A0DB43D3-B79D-4617-8FFF-F22C9D0454CF}.Debug|Any CPU.Build.0 = Debug|Any CPU
		{A0DB43D3-B79D-4617-8FFF-F22C9D0454CF}.Release|Any CPU.ActiveCfg = Release|Any CPU
		{A0DB43D3-B79D-4617-8FFF-F22C9D0454CF}.Release|Any CPU.Build.0 = Release|Any CPU
		{8811AEAC-DB3A-4AAD-B684-DF95F8158E75}.Debug|Any CPU.ActiveCfg = Debug|Any CPU
		{8811AEAC-DB3A-4AAD-B684-DF95F8158E75}.Debug|Any CPU.Build.0 = Debug|Any CPU
		{8811AEAC-DB3A-4AAD-B684-DF95F8158E75}.Release|Any CPU.ActiveCfg = Release|Any CPU
		{8811AEAC-DB3A-4AAD-B684-DF95F8158E75}.Release|Any CPU.Build.0 = Release|Any CPU
		{CA2682BD-97BF-43D5-9662-D8E33CCB7154}.Debug|Any CPU.ActiveCfg = Debug|Any CPU
		{CA2682BD-97BF-43D5-9662-D8E33CCB7154}.Debug|Any CPU.Build.0 = Debug|Any CPU
		{CA2682BD-97BF-43D5-9662-D8E33CCB7154}.Release|Any CPU.ActiveCfg = Release|Any CPU
		{CA2682BD-97BF-43D5-9662-D8E33CCB7154}.Release|Any CPU.Build.0 = Release|Any CPU
		{C1699642-E2A6-400C-BFBD-7D0DECA3EB12}.Debug|Any CPU.ActiveCfg = Debug|Any CPU
		{C1699642-E2A6-400C-BFBD-7D0DECA3EB12}.Debug|Any CPU.Build.0 = Debug|Any CPU
		{C1699642-E2A6-400C-BFBD-7D0DECA3EB12}.Release|Any CPU.ActiveCfg = Release|Any CPU
		{C1699642-E2A6-400C-BFBD-7D0DECA3EB12}.Release|Any CPU.Build.0 = Release|Any CPU
		{F236570B-8B1D-45F8-86CF-B075486A71E1}.Debug|Any CPU.ActiveCfg = Debug|Any CPU
		{F236570B-8B1D-45F8-86CF-B075486A71E1}.Debug|Any CPU.Build.0 = Debug|Any CPU
		{F236570B-8B1D-45F8-86CF-B075486A71E1}.Release|Any CPU.ActiveCfg = Release|Any CPU
		{F236570B-8B1D-45F8-86CF-B075486A71E1}.Release|Any CPU.Build.0 = Release|Any CPU
	EndGlobalSection
	GlobalSection(SolutionProperties) = preSolution
		HideSolutionNode = FALSE
	EndGlobalSection
	GlobalSection(ExtensibilityGlobals) = postSolution
		SolutionGuid = {A9D58747-6648-4B0D-9FBF-BAAD306A29A2}
	EndGlobalSection
EndGlobal
